// !$*UTF8*$!
{
	archiveVersion = 1;
	classes = {
	};
	objectVersion = 48;
	objects = {

/* Begin PBXBuildFile section */
		F7EFCE17204EFA8C00D1204F /* AppDelegate.swift in Sources */ = {isa = PBXBuildFile; fileRef = F7EFCE16204EFA8C00D1204F /* AppDelegate.swift */; };
		F7EFCE19204EFA8C00D1204F /* ViewController.swift in Sources */ = {isa = PBXBuildFile; fileRef = F7EFCE18204EFA8C00D1204F /* ViewController.swift */; };
		F7EFCE1C204EFA8C00D1204F /* Main.storyboard in Resources */ = {isa = PBXBuildFile; fileRef = F7EFCE1A204EFA8C00D1204F /* Main.storyboard */; };
		F7EFCE1E204EFA8C00D1204F /* Assets.xcassets in Resources */ = {isa = PBXBuildFile; fileRef = F7EFCE1D204EFA8C00D1204F /* Assets.xcassets */; };
		F7EFCE21204EFA8C00D1204F /* LaunchScreen.storyboard in Resources */ = {isa = PBXBuildFile; fileRef = F7EFCE1F204EFA8C00D1204F /* LaunchScreen.storyboard */; };
/* End PBXBuildFile section */

/* Begin PBXFileReference section */
		F7EFCE13204EFA8C00D1204F /* Swooshly.app */ = {isa = PBXFileReference; explicitFileType = wrapper.application; includeInIndex = 0; path = Swooshly.app; sourceTree = BUILT_PRODUCTS_DIR; };
		F7EFCE16204EFA8C00D1204F /* AppDelegate.swift */ = {isa = PBXFileReference; lastKnownFileType = sourcecode.swift; path = AppDelegate.swift; sourceTree = "<group>"; };
		F7EFCE18204EFA8C00D1204F /* ViewController.swift */ = {isa = PBXFileReference; lastKnownFileType = sourcecode.swift; path = ViewController.swift; sourceTree = "<group>"; };
		F7EFCE1B204EFA8C00D1204F /* Base */ = {isa = PBXFileReference; lastKnownFileType = file.storyboard; name = Base; path = Base.lproj/Main.storyboard; sourceTree = "<group>"; };
		F7EFCE1D204EFA8C00D1204F /* Assets.xcassets */ = {isa = PBXFileReference; lastKnownFileType = folder.assetcatalog; path = Assets.xcassets; sourceTree = "<group>"; };
		F7EFCE20204EFA8C00D1204F /* Base */ = {isa = PBXFileReference; lastKnownFileType = file.storyboard; name = Base; path = Base.lproj/LaunchScreen.storyboard; sourceTree = "<group>"; };
		F7EFCE22204EFA8C00D1204F /* Info.plist */ = {isa = PBXFileReference; lastKnownFileType = text.plist.xml; path = Info.plist; sourceTree = "<group>"; };
/* End PBXFileReference section */

/* Begin PBXFrameworksBuildPhase section */
		F7EFCE10204EFA8C00D1204F /* Frameworks */ = {
			isa = PBXFrameworksBuildPhase;
			buildActionMask = 2147483647;
			files = (
			);
			runOnlyForDeploymentPostprocessing = 0;
		};
/* End PBXFrameworksBuildPhase section */

/* Begin PBXGroup section */
		F7EFCE0A204EFA8C00D1204F = {
			isa = PBXGroup;
			children = (
				F7EFCE15204EFA8C00D1204F /* Swooshly */,
				F7EFCE14204EFA8C00D1204F /* Products */,
			);
			sourceTree = "<group>";
		};
		F7EFCE14204EFA8C00D1204F /* Products */ = {
			isa = PBXGroup;
			children = (
				F7EFCE13204EFA8C00D1204F /* Swooshly.app */,
			);
			name = Products;
			sourceTree = "<group>";
		};
		F7EFCE15204EFA8C00D1204F /* Swooshly */ = {
			isa = PBXGroup;
			children = (
				F7EFCE16204EFA8C00D1204F /* AppDelegate.swift */,
				F7EFCE18204EFA8C00D1204F /* ViewController.swift */,
				F7EFCE1A204EFA8C00D1204F /* Main.storyboard */,
				F7EFCE1D204EFA8C00D1204F /* Assets.xcassets */,
				F7EFCE1F204EFA8C00D1204F /* LaunchScreen.storyboard */,
				F7EFCE22204EFA8C00D1204F /* Info.plist */,
			);
			path = Swooshly;
			sourceTree = "<group>";
		};
/* End PBXGroup section */

/* Begin PBXNativeTarget section */
		F7EFCE12204EFA8C00D1204F /* Swooshly */ = {
			isa = PBXNativeTarget;
			buildConfigurationList = F7EFCE25204EFA8C00D1204F /* Build configuration list for PBXNativeTarget "Swooshly" */;
			buildPhases = (
				F7EFCE0F204EFA8C00D1204F /* Sources */,
				F7EFCE10204EFA8C00D1204F /* Frameworks */,
				F7EFCE11204EFA8C00D1204F /* Resources */,
			);
			buildRules = (
			);
			dependencies = (
			);
			name = Swooshly;
			productName = Swooshly;
			productReference = F7EFCE13204EFA8C00D1204F /* Swooshly.app */;
			productType = "com.apple.product-type.application";
		};
/* End PBXNativeTarget section */

/* Begin PBXProject section */
		F7EFCE0B204EFA8C00D1204F /* Project object */ = {
			isa = PBXProject;
			attributes = {
				LastSwiftUpdateCheck = 0920;
				LastUpgradeCheck = 0920;
				ORGANIZATIONNAME = "Bruno Campos";
				TargetAttributes = {
					F7EFCE12204EFA8C00D1204F = {
						CreatedOnToolsVersion = 9.2;
						ProvisioningStyle = Automatic;
					};
				};
			};
			buildConfigurationList = F7EFCE0E204EFA8C00D1204F /* Build configuration list for PBXProject "Swooshly" */;
			compatibilityVersion = "Xcode 8.0";
			developmentRegion = en;
			hasScannedForEncodings = 0;
			knownRegions = (
				en,
				Base,
			);
			mainGroup = F7EFCE0A204EFA8C00D1204F;
			productRefGroup = F7EFCE14204EFA8C00D1204F /* Products */;
			projectDirPath = "";
			projectRoot = "";
			targets = (
				F7EFCE12204EFA8C00D1204F /* Swooshly */,
			);
		};
/* End PBXProject section */

/* Begin PBXResourcesBuildPhase section */
		F7EFCE11204EFA8C00D1204F /* Resources */ = {
			isa = PBXResourcesBuildPhase;
			buildActionMask = 2147483647;
			files = (
				F7EFCE21204EFA8C00D1204F /* LaunchScreen.storyboard in Resources */,
				F7EFCE1E204EFA8C00D1204F /* Assets.xcassets in Resources */,
				F7EFCE1C204EFA8C00D1204F /* Main.storyboard in Resources */,
			);
			runOnlyForDeploymentPostprocessing = 0;
		};
/* End PBXResourcesBuildPhase section */

/* Begin PBXSourcesBuildPhase section */
		F7EFCE0F204EFA8C00D1204F /* Sources */ = {
			isa = PBXSourcesBuildPhase;
			buildActionMask = 2147483647;
			files = (
				F7EFCE19204EFA8C00D1204F /* ViewController.swift in Sources */,
				F7EFCE17204EFA8C00D1204F /* AppDelegate.swift in Sources */,
			);
			runOnlyForDeploymentPostprocessing = 0;
		};
/* End PBXSourcesBuildPhase section */

/* Begin PBXVariantGroup section */
		F7EFCE1A204EFA8C00D1204F /* Main.storyboard */ = {
			isa = PBXVariantGroup;
			children = (
				F7EFCE1B204EFA8C00D1204F /* Base */,
			);
			name = Main.storyboard;
			sourceTree = "<group>";
		};
		F7EFCE1F204EFA8C00D1204F /* LaunchScreen.storyboard */ = {
			isa = PBXVariantGroup;
			children = (
				F7EFCE20204EFA8C00D1204F /* Base */,
			);
			name = LaunchScreen.storyboard;
			sourceTree = "<group>";
		};
/* End PBXVariantGroup section */

/* Begin XCBuildConfiguration section */
		F7EFCE23204EFA8C00D1204F /* Debug */ = {
			isa = XCBuildConfiguration;
			buildSettings = {
				ALWAYS_SEARCH_USER_PATHS = NO;
				CLANG_ANALYZER_NONNULL = YES;
				CLANG_ANALYZER_NUMBER_OBJECT_CONVERSION = YES_AGGRESSIVE;
				CLANG_CXX_LANGUAGE_STANDARD = "gnu++14";
				CLANG_CXX_LIBRARY = "libc++";
				CLANG_ENABLE_MODULES = YES;
				CLANG_ENABLE_OBJC_ARC = YES;
				CLANG_WARN_BLOCK_CAPTURE_AUTORELEASING = YES;
				CLANG_WARN_BOOL_CONVERSION = YES;
				CLANG_WARN_COMMA = YES;
				CLANG_WARN_CONSTANT_CONVERSION = YES;
				CLANG_WARN_DIRECT_OBJC_ISA_USAGE = YES_ERROR;
				CLANG_WARN_DOCUMENTATION_COMMENTS = YES;
				CLANG_WARN_EMPTY_BODY = YES;
				CLANG_WARN_ENUM_CONVERSION = YES;
				CLANG_WARN_INFINITE_RECURSION = YES;
				CLANG_WARN_INT_CONVERSION = YES;
				CLANG_WARN_NON_LITERAL_NULL_CONVERSION = YES;
				CLANG_WARN_OBJC_LITERAL_CONVERSION = YES;
				CLANG_WARN_OBJC_ROOT_CLASS = YES_ERROR;
				CLANG_WARN_RANGE_LOOP_ANALYSIS = YES;
				CLANG_WARN_STRICT_PROTOTYPES = YES;
				CLANG_WARN_SUSPICIOUS_MOVE = YES;
				CLANG_WARN_UNGUARDED_AVAILABILITY = YES_AGGRESSIVE;
				CLANG_WARN_UNREACHABLE_CODE = YES;
				CLANG_WARN__DUPLICATE_METHOD_MATCH = YES;
				CODE_SIGN_IDENTITY = "iPhone Developer";
				COPY_PHASE_STRIP = NO;
				DEBUG_INFORMATION_FORMAT = dwarf;
				ENABLE_STRICT_OBJC_MSGSEND = YES;
				ENABLE_TESTABILITY = YES;
				GCC_C_LANGUAGE_STANDARD = gnu11;
				GCC_DYNAMIC_NO_PIC = NO;
				GCC_NO_COMMON_BLOCKS = YES;
				GCC_OPTIMIZATION_LEVEL = 0;
				GCC_PREPROCESSOR_DEFINITIONS = (
					"DEBUG=1",
					"$(inherited)",
				);
				GCC_WARN_64_TO_32_BIT_CONVERSION = YES;
				GCC_WARN_ABOUT_RETURN_TYPE = YES_ERROR;
				GCC_WARN_UNDECLARED_SELECTOR = YES;
				GCC_WARN_UNINITIALIZED_AUTOS = YES_AGGRESSIVE;
				GCC_WARN_UNUSED_FUNCTION = YES;
				GCC_WARN_UNUSED_VARIABLE = YES;
				IPHONEOS_DEPLOYMENT_TARGET = 11.2;
				MTL_ENABLE_DEBUG_INFO = YES;
				ONLY_ACTIVE_ARCH = YES;
				SDKROOT = iphoneos;
				SWIFT_ACTIVE_COMPILATION_CONDITIONS = DEBUG;
				SWIFT_OPTIMIZATION_LEVEL = "-Onone";
			};
			name = Debug;
		};
		F7EFCE24204EFA8C00D1204F /* Release */ = {
			isa = XCBuildConfiguration;
			buildSettings = {
				ALWAYS_SEARCH_USER_PATHS = NO;
				CLANG_ANALYZER_NONNULL = YES;
				CLANG_ANALYZER_NUMBER_OBJECT_CONVERSION = YES_AGGRESSIVE;
				CLANG_CXX_LANGUAGE_STANDARD = "gnu++14";
				CLANG_CXX_LIBRARY = "libc++";
				CLANG_ENABLE_MODULES = YES;
				CLANG_ENABLE_OBJC_ARC = YES;
				CLANG_WARN_BLOCK_CAPTURE_AUTORELEASING = YES;
				CLANG_WARN_BOOL_CONVERSION = YES;
				CLANG_WARN_COMMA = YES;
				CLANG_WARN_CONSTANT_CONVERSION = YES;
				CLANG_WARN_DIRECT_OBJC_ISA_USAGE = YES_ERROR;
				CLANG_WARN_DOCUMENTATION_COMMENTS = YES;
				CLANG_WARN_EMPTY_BODY = YES;
				CLANG_WARN_ENUM_CONVERSION = YES;
				CLANG_WARN_INFINITE_RECURSION = YES;
				CLANG_WARN_INT_CONVERSION = YES;
				CLANG_WARN_NON_LITERAL_NULL_CONVERSION = YES;
				CLANG_WARN_OBJC_LITERAL_CONVERSION = YES;
				CLANG_WARN_OBJC_ROOT_CLASS = YES_ERROR;
				CLANG_WARN_RANGE_LOOP_ANALYSIS = YES;
				CLANG_WARN_STRICT_PROTOTYPES = YES;
				CLANG_WARN_SUSPICIOUS_MOVE = YES;
				CLANG_WARN_UNGUARDED_AVAILABILITY = YES_AGGRESSIVE;
				CLANG_WARN_UNREACHABLE_CODE = YES;
				CLANG_WARN__DUPLICATE_METHOD_MATCH = YES;
				CODE_SIGN_IDENTITY = "iPhone Developer";
				COPY_PHASE_STRIP = NO;
				DEBUG_INFORMATION_FORMAT = "dwarf-with-dsym";
				ENABLE_NS_ASSERTIONS = NO;
				ENABLE_STRICT_OBJC_MSGSEND = YES;
				GCC_C_LANGUAGE_STANDARD = gnu11;
				GCC_NO_COMMON_BLOCKS = YES;
				GCC_WARN_64_TO_32_BIT_CONVERSION = YES;
				GCC_WARN_ABOUT_RETURN_TYPE = YES_ERROR;
				GCC_WARN_UNDECLARED_SELECTOR = YES;
				GCC_WARN_UNINITIALIZED_AUTOS = YES_AGGRESSIVE;
				GCC_WARN_UNUSED_FUNCTION = YES;
				GCC_WARN_UNUSED_VARIABLE = YES;
				IPHONEOS_DEPLOYMENT_TARGET = 11.2;
				MTL_ENABLE_DEBUG_INFO = NO;
				SDKROOT = iphoneos;
				SWIFT_OPTIMIZATION_LEVEL = "-Owholemodule";
				VALIDATE_PRODUCT = YES;
			};
			name = Release;
		};
		F7EFCE26204EFA8C00D1204F /* Debug */ = {
			isa = XCBuildConfiguration;
			buildSettings = {
				ASSETCATALOG_COMPILER_APPICON_NAME = AppIcon;
				CODE_SIGN_STYLE = Automatic;
				DEVELOPMENT_TEAM = PHHGHM5K66;
				INFOPLIST_FILE = Swooshly/Info.plist;
				LD_RUNPATH_SEARCH_PATHS = "$(inherited) @executable_path/Frameworks";
				PRODUCT_BUNDLE_IDENTIFIER = com.camps.Swooshly;
				PRODUCT_NAME = "$(TARGET_NAME)";
				SWIFT_VERSION = 4.0;
				TARGETED_DEVICE_FAMILY = "1,2";
			};
			name = Debug;
		};
		F7EFCE27204EFA8C00D1204F /* Release */ = {
			isa = XCBuildConfiguration;
			buildSettings = {
				ASSETCATALOG_COMPILER_APPICON_NAME = AppIcon;
				CODE_SIGN_STYLE = Automatic;
				DEVELOPMENT_TEAM = PHHGHM5K66;
				INFOPLIST_FILE = Swooshly/Info.plist;
				LD_RUNPATH_SEARCH_PATHS = "$(inherited) @executable_path/Frameworks";
				PRODUCT_BUNDLE_IDENTIFIER = com.camps.Swooshly;
				PRODUCT_NAME = "$(TARGET_NAME)";
				SWIFT_VERSION = 4.0;
				TARGETED_DEVICE_FAMILY = "1,2";
			};
			name = Release;
		};
/* End XCBuildConfiguration section */

/* Begin XCConfigurationList section */
		F7EFCE0E204EFA8C00D1204F /* Build configuration list for PBXProject "Swooshly" */ = {
			isa = XCConfigurationList;
			buildConfigurations = (
				F7EFCE23204EFA8C00D1204F /* Debug */,
				F7EFCE24204EFA8C00D1204F /* Release */,
			);
			defaultConfigurationIsVisible = 0;
			defaultConfigurationName = Release;
		};
		F7EFCE25204EFA8C00D1204F /* Build configuration list for PBXNativeTarget "Swooshly" */ = {
			isa = XCConfigurationList;
			buildConfigurations = (
				F7EFCE26204EFA8C00D1204F /* Debug */,
				F7EFCE27204EFA8C00D1204F /* Release */,
			);
			defaultConfigurationIsVisible = 0;
			defaultConfigurationName = Release;
		};
/* End XCConfigurationList section */
	};
	rootObject = F7EFCE0B204EFA8C00D1204F /* Project object */;
}
